
Microsoft Visual Studio Solution File, Format Version 12.00
# Visual Studio Version 17
VisualStudioVersion = 17.13.35913.81 d17.13
MinimumVisualStudioVersion = 10.0.40219.1
Project("{FAE04EC0-301F-11D3-BF4B-00C04F79EFBC}") = "KGA_OOPConsoleProject", "KGA_OOPConsoleProject.csproj", "{EC9FC393-8898-4478-94AB-77C696F96453}"
EndProject
Global
	GlobalSection(SolutionConfigurationPlatforms) = preSolution
		Debug|Any CPU = Debug|Any CPU
		Release|Any CPU = Release|Any CPU
	EndGlobalSection
	GlobalSection(ProjectConfigurationPlatforms) = postSolution
		{EC9FC393-8898-4478-94AB-77C696F96453}.Debug|Any CPU.ActiveCfg = Debug|Any CPU
		{EC9FC393-8898-4478-94AB-77C696F96453}.Debug|Any CPU.Build.0 = Debug|Any CPU
		{EC9FC393-8898-4478-94AB-77C696F96453}.Release|Any CPU.ActiveCfg = Release|Any CPU
		{EC9FC393-8898-4478-94AB-77C696F96453}.Release|Any CPU.Build.0 = Release|Any CPU
	EndGlobalSection
	GlobalSection(SolutionProperties) = preSolution
		HideSolutionNode = FALSE
	EndGlobalSection
	GlobalSection(ExtensibilityGlobals) = postSolution
		SolutionGuid = {6A21A041-FCB3-4676-89C2-29BED116CE7F}
	EndGlobalSection
EndGlobal
